# THIS IS AN AUTOGENERATED FILE. DO NOT EDIT THIS FILE DIRECTLY.
# yarn lockfile v1


"@colordx/core@^5.4.3":
  version "5.4.3"
  resolved "https://registry.yarnpkg.com/@colordx/core/-/core-5.4.3.tgz#35a8d239b324a6cdf9a16de9970a32c8abc24824"
  integrity sha512-kIxYSfA5T8HXjav55UaaH/o/cKivF6jCCGIb8eqtcsfI46wsvlSiT8jMDyrl779qLec3c2c2oHBZo4oAhvbjrQ==

"@fontsource/montserrat@^5.0.0":
  version "5.2.8"
  resolved "https://registry.yarnpkg.com/@fontsource/montserrat/-/montserrat-5.2.8.tgz#4be164061dbab2b81bc803e9ceed47f5bd9c9f88"
  integrity sha512-xTjLxSbSfCycDB0pwmNsfNvdfWPaDaRQ2LC6yt/ZI7SdvXG52zHnzNYC/09mzuAuWNJyShkteutfCoDgym56hQ==

"@fontsource/source-code-pro@^5.0.0":
  version "5.2.7"
  resolved "https://registry.yarnpkg.com/@fontsource/source-code-pro/-/source-code-pro-5.2.7.tgz#ab5cd5882e21cdc38076e12939ddf01424139f61"
  integrity sha512-7papq9TH94KT+S5VSY8cU7tFmwuGkIe3qxXRMscuAXH6AjMU+KJI75f28FzgBVDrlMfA0jjlTV4/x5+H5o/5EQ==

"@fontsource/spectral@^5.0.0":
  version "5.2.8"
  resolved "https://registry.yarnpkg.com/@fontsource/spectral/-/spectral-5.2.8.tgz#2b39b309dff15d56ae548c4e886c4a62acbaf2bc"
  integrity sha512-0CqZ8/z8A38BdeSz5t2NSd5tCO1R9P1k7SF2VpRLMbZTMSSR6+2Dk0ZBMfEQK/IrBLQS1HgHLMqpdTwRpnKpGQ==

"@fortawesome/fontawesome-free@^7.0.0":
  version "7.2.0"
  resolved "https://registry.yarnpkg.com/@fortawesome/fontawesome-free/-/fontawesome-free-7.2.0.tgz#188c1053ce422ad1f934d7df242a973fcb89636d"
  integrity sha512-3DguDv/oUE+7vjMeTSOjCSG+KeawgVQOHrKRnvUuqYh1mfArrh7s+s8hXW3e4RerBA1+Wh+hBqf8sJNpqNrBWg==

"@tailwindcss/forms@^0.5.0":
  version "0.5.11"
  resolved "https://registry.yarnpkg.com/@tailwindcss/forms/-/forms-0.5.11.tgz#e77039e96fa7b87c3d001a991f77f9418e666700"
  integrity sha512-h9wegbZDPurxG22xZSoWtdzc41/OlNEUQERNqI/0fOwa2aVlWGu7C35E/x6LDyD3lgtztFSSjKZyuVM0hxhbgA==
  dependencies:
    mini-svg-data-uri "^1.2.3"

ansi-regex@^5.0.1:
  version "5.0.1"
  resolved "https://registry.yarnpkg.com/ansi-regex/-/ansi-regex-5.0.1.tgz#082cb2c89c9fe8659a311a53bd6a4dc5301db304"
  integrity sha512-quJQXlTSUGL2LH9SUXo8VwsY4soanhgo6LNSm84E1LBcE8s3O0wpdiRzyR9z/ZZJMlMWv37qOOb9pdJlMUEKFQ==

ansi-styles@^4.0.0:
  version "4.3.0"
  resolved "https://registry.yarnpkg.com/ansi-styles/-/ansi-styles-4.3.0.tgz#edd803628ae71c04c85ae7a0906edad34b648937"
  integrity sha512-zbB9rCJAT1rbjiVDb2hqKFHNYLxgtk8NURxZ3IZwD3F6NtxbXZQCnnSi1Lkx+IDohdPlFp222wVALIheZJQSEg==
  dependencies:
    color-convert "^2.0.1"

anymatch@~3.1.2:
  version "3.1.3"
  resolved "https://registry.yarnpkg.com/anymatch/-/anymatch-3.1.3.tgz#790c58b19ba1720a84205b57c618d5ad8524973e"
  integrity sha512-KMReFUr0B4t+D+OBkjR3KYqvocp2XaSzO55UcB6mgQMd3KbcE+mWTyvVV7D/zsdEbNnV6acZUutkiHQXvTr1Rw==
  dependencies:
    normalize-path "^3.0.0"
    picomatch "^2.0.4"

autoprefixer@^10.4:
  version "10.5.0"
  resolved "https://registry.yarnpkg.com/autoprefixer/-/autoprefixer-10.5.0.tgz#33d87e443430f020a0f85319d6ff1593cb291be9"
  integrity sha512-FMhOoZV4+qR6aTUALKX2rEqGG+oyATvwBt9IIzVR5rMa2HRWPkxf+P+PAJLD1I/H5/II+HuZcBJYEFBpq39ong==
  dependencies:
    browserslist "^4.28.2"
    caniuse-lite "^1.0.30001787"
    fraction.js "^5.3.4"
    picocolors "^1.1.1"
    postcss-value-parser "^4.2.0"

balanced-match@^1.0.0:
  version "1.0.2"
  resolved "https://registry.yarnpkg.com/balanced-match/-/balanced-match-1.0.2.tgz#e83e3a7e3f300b34cb9d87f615fa0cbf357690ee"
  integrity sha512-3oSeUO0TMV67hN1AmbXsK4yaqU7tjiHlbxRDZOpH0KW9+CeX4bRAaX0Anxt0tx2MrpRpWwQaPwIlISEJhYU5Pw==

baseline-browser-mapping@^2.10.12:
  version "2.10.25"
  resolved "https://registry.yarnpkg.com/baseline-browser-mapping/-/baseline-browser-mapping-2.10.25.tgz#183b45c0d3bdd12addb352426555fb3627eb022a"
  integrity sha512-QO/VHsXCQdnzADMfmkeOPvHdIAkoB7i0/rGjINPJEetLx75hNttVWGQ/jycHUDP9zZ9rupbm60WRxcwViB0MiA==

binary-extensions@^2.0.0:
  version "2.3.0"
  resolved "https://registry.yarnpkg.com/binary-extensions/-/binary-extensions-2.3.0.tgz#f6e14a97858d327252200242d4ccfe522c445522"
  integrity sha512-Ceh+7ox5qe7LJuLHoY0feh3pHuUDHAcRUeyL2VYghZwfpkNIy/+8Ocg0a3UuSoYzavmylwuLWQOf3hl0jjMMIw==

boolbase@^1.0.0:
  version "1.0.0"
  resolved "https://registry.yarnpkg.com/boolbase/-/boolbase-1.0.0.tgz#68dff5fbe60c51eb37725ea9e3ed310dcc1e776e"
  integrity sha512-JZOSA7Mo9sNGB8+UjSgzdLtokWAky1zbztM3WRLCbZ70/3cTANmQmOdR7y2g+J0e2WXywy1yS468tY+IruqEww==

brace-expansion@^2.0.1:
  version "2.0.2"
  resolved "https://registry.yarnpkg.com/brace-expansion/-/brace-expansion-2.0.2.tgz#54fc53237a613d854c7bd37463aad17df87214e7"
  integrity sha512-Jt0vHyM+jmUBqojB7E1NIYadt0vI0Qxjxd2TErW94wDz+E2LAm5vKMXXwg6ZZBTHPuUlDgQHKXvjGBdfcF1ZDQ==
  dependencies:
    balanced-match "^1.0.0"

braces@~3.0.2:
  version "3.0.3"
  resolved "https://registry.yarnpkg.com/braces/-/braces-3.0.3.tgz#490332f40919452272d55a8480adc0c441358789"
  integrity sha512-yQbXgO/OSZVD2IsiLlro+7Hf6Q18EJrKSEsdoMzKePKXct3gvD8oLcOQdIzGupr5Fj+EDe8gO/lxc1BzfMpxvA==
  dependencies:
    fill-range "^7.1.1"

browserslist@^4.0.0, browserslist@^4.28.1, browserslist@^4.28.2:
  version "4.28.2"
  resolved "https://registry.yarnpkg.com/browserslist/-/browserslist-4.28.2.tgz#f50b65362ef48974ca9f50b3680566d786b811d2"
  integrity sha512-48xSriZYYg+8qXna9kwqjIVzuQxi+KYWp2+5nCYnYKPTr0LvD89Jqk2Or5ogxz0NUMfIjhh2lIUX/LyX9B4oIg==
  dependencies:
    baseline-browser-mapping "^2.10.12"
    caniuse-lite "^1.0.30001782"
    electron-to-chromium "^1.5.328"
    node-releases "^2.0.36"
    update-browserslist-db "^1.2.3"

caniuse-api@^3.0.0:
  version "3.0.0"
  resolved "https://registry.yarnpkg.com/caniuse-api/-/caniuse-api-3.0.0.tgz#5e4d90e2274961d46291997df599e3ed008ee4c0"
  integrity sha512-bsTwuIg/BZZK/vreVTYYbSWoe2F+71P7K5QGEX+pT250DZbfU1MQ5prOKpPR+LL6uWKK3KMwMCAS74QB3Um1uw==
  dependencies:
    browserslist "^4.0.0"
    caniuse-lite "^1.0.0"
    lodash.memoize "^4.1.2"
    lodash.uniq "^4.5.0"

caniuse-lite@^1.0.0, caniuse-lite@^1.0.30001782:
  version "1.0.30001791"
  resolved "https://registry.yarnpkg.com/caniuse-lite/-/caniuse-lite-1.0.30001791.tgz#dfb93d85c40ad380c57123e72e10f3c575786b51"
  integrity sha512-yk0l/YSrOnFZk3UROpDLQD9+kC1l4meK/wed583AXrzoarMGJcbRi2Q4RaUYbKxYAsZ8sWmaSa/DsLmdBeI1vQ==

caniuse-lite@^1.0.30001787:
  version "1.0.30001787"
  resolved "https://registry.yarnpkg.com/caniuse-lite/-/caniuse-lite-1.0.30001787.tgz#fd25c5e42e2d35df5c75eddda00d15d9c0c68f81"
  integrity sha512-mNcrMN9KeI68u7muanUpEejSLghOKlVhRqS/Za2IeyGllJ9I9otGpR9g3nsw7n4W378TE/LyIteA0+/FOZm4Kg==

chokidar@^3.3.0:
  version "3.6.0"
  resolved "https://registry.yarnpkg.com/chokidar/-/chokidar-3.6.0.tgz#197c6cc669ef2a8dc5e7b4d97ee4e092c3eb0d5b"
  integrity sha512-7VT13fmjotKpGipCW9JEQAusEPE+Ei8nl6/g4FBAmIm0GOOLMua9NDDo/DWp0ZAxCr3cPq5ZpBqmPAQgDda2Pw==
  dependencies:
    anymatch "~3.1.2"
    braces "~3.0.2"
    glob-parent "~5.1.2"
    is-binary-path "~2.1.0"
    is-glob "~4.0.1"
    normalize-path "~3.0.0"
    readdirp "~3.6.0"
  optionalDependencies:
    fsevents "~2.3.2"

cliui@^8.0.1:
  version "8.0.1"
  resolved "https://registry.yarnpkg.com/cliui/-/cliui-8.0.1.tgz#0c04b075db02cbfe60dc8e6cf2f5486b1a3608aa"
  integrity sha512-BSeNnyus75C4//NQ9gQt1/csTXyo/8Sb+afLAkzAptFuMsod9HFokGNudZpi/oQV73hnVK+sR+5PVRMd+Dr7YQ==
  dependencies:
    string-width "^4.2.0"
    strip-ansi "^6.0.1"
    wrap-ansi "^7.0.0"

color-convert@^2.0.1:
  version "2.0.1"
  resolved "https://registry.yarnpkg.com/color-convert/-/color-convert-2.0.1.tgz#72d3a68d598c9bdb3af2ad1e84f21d896abd4de3"
  integrity sha512-RRECPsj7iu/xb5oKYcsFHSppFNnsj/52OVTRKb4zP5onXwVF3zVmmToNcOfGC+CRDpfK/U584fMg38ZHCaElKQ==
  dependencies:
    color-name "~1.1.4"

color-name@~1.1.4:
  version "1.1.4"
  resolved "https://registry.yarnpkg.com/color-name/-/color-name-1.1.4.tgz#c2a09a87acbde69543de6f63fa3995c826c536a2"
  integrity sha512-dOy+3AuW3a2wNbZHIuMZpTcgjGuLU/uBL/ubcZF9OXbDo8ff4O8yVp5Bf0efS8uEoYo5q4Fx7dY9OgQGXgAsQA==

commander@^11.1.0:
  version "11.1.0"
  resolved "https://registry.yarnpkg.com/commander/-/commander-11.1.0.tgz#62fdce76006a68e5c1ab3314dc92e800eb83d906"
  integrity sha512-yPVavfyCcRhmorC7rWlkHn15b4wDVgVmBA7kV4QVBsF7kv/9TKJAbAXVTxvTnwP8HHKjRCJDClKbciiYS7p0DQ==

commander@^9.0.0:
  version "9.5.0"
  resolved "https://registry.yarnpkg.com/commander/-/commander-9.5.0.tgz#bc08d1eb5cedf7ccb797a96199d41c7bc3e60d30"
  integrity sha512-KRs7WVDKg86PWiuAqhDrAQnTXZKraVcCc6vFdL14qrZ/DcWwuRo7VoiYXalXO7S5GKpqYiVEwCbgFDfxNHKJBQ==

css-declaration-sorter@^7.2.0:
  version "7.4.0"
  resolved "https://registry.yarnpkg.com/css-declaration-sorter/-/css-declaration-sorter-7.4.0.tgz#9c215fbda2dcf4083bae69f125688158ae847deb"
  integrity sha512-LTuzjPoyA2vMGKKcaOqKSp7Ub2eGrNfKiZH4LpezxpNrsICGCSFvsQOI29psISxNZtaXibkC2CXzrQ5enMeGGw==

css-select@^5.1.0:
  version "5.2.2"
  resolved "https://registry.yarnpkg.com/css-select/-/css-select-5.2.2.tgz#01b6e8d163637bb2dd6c982ca4ed65863682786e"
  integrity sha512-TizTzUddG/xYLA3NXodFM0fSbNizXjOKhqiQQwvhlspadZokn1KDy0NZFS0wuEubIYAV5/c1/lAr0TaaFXEXzw==
  dependencies:
    boolbase "^1.0.0"
    css-what "^6.1.0"
    domhandler "^5.0.2"
    domutils "^3.0.1"
    nth-check "^2.0.1"

css-tree@^3.0.1:
  version "3.2.1"
  resolved "https://registry.yarnpkg.com/css-tree/-/css-tree-3.2.1.tgz#86cac7011561272b30e6b1e042ba6ce047aa7518"
  integrity sha512-X7sjQzceUhu1u7Y/ylrRZFU2FS6LRiFVp6rKLPg23y3x3c3DOKAwuXGDp+PAGjh6CSnCjYeAul8pcT8bAl+lSA==
  dependencies:
    mdn-data "2.27.1"
    source-map-js "^1.2.1"

css-tree@~2.2.0:
  version "2.2.1"
  resolved "https://registry.yarnpkg.com/css-tree/-/css-tree-2.2.1.tgz#36115d382d60afd271e377f9c5f67d02bd48c032"
  integrity sha512-OA0mILzGc1kCOCSJerOeqDxDQ4HOh+G8NbOJFOTgOCzpw7fCBubk0fEyxp8AgOL/jvLgYA/uV0cMbe43ElF1JA==
  dependencies:
    mdn-data "2.0.28"
    source-map-js "^1.0.1"

css-what@^6.1.0:
  version "6.2.2"
  resolved "https://registry.yarnpkg.com/css-what/-/css-what-6.2.2.tgz#cdcc8f9b6977719fdfbd1de7aec24abf756b9dea"
  integrity sha512-u/O3vwbptzhMs3L1fQE82ZSLHQQfto5gyZzwteVIEyeaY5Fc7R4dapF/BvRoSYFeqfBk4m0V1Vafq5Pjv25wvA==

cssesc@^3.0.0:
  version "3.0.0"
  resolved "https://registry.yarnpkg.com/cssesc/-/cssesc-3.0.0.tgz#37741919903b868565e1c09ea747445cd18983ee"
  integrity sha512-/Tb/JcjK111nNScGob5MNtsntNM1aCNUDipB/TkwZFhyDrrE47SOx/18wF2bbjgc3ZzCSKW1T5nt5EbFoAz/Vg==

cssnano-preset-default@^7.0.16:
  version "7.0.16"
  resolved "https://registry.yarnpkg.com/cssnano-preset-default/-/cssnano-preset-default-7.0.16.tgz#b0c9576c87488dfa00388e3a0c8b27ee946aa352"
  integrity sha512-W0hiFi/ca/u2OTptL11OdApaz1vh9jyfd2ku9dMjou6KdpdgbMTagaXHKNl5kaEyRSCu9GIIaPRp5YLdqRAZMw==
  dependencies:
    browserslist "^4.28.2"
    css-declaration-sorter "^7.2.0"
    cssnano-utils "^5.0.3"
    postcss-calc "^10.1.1"
    postcss-colormin "^7.0.10"
    postcss-convert-values "^7.0.12"
    postcss-discard-comments "^7.0.8"
    postcss-discard-duplicates "^7.0.4"
    postcss-discard-empty "^7.0.3"
    postcss-discard-overridden "^7.0.3"
    postcss-merge-longhand "^7.0.7"
    postcss-merge-rules "^7.0.11"
    postcss-minify-font-values "^7.0.3"
    postcss-minify-gradients "^7.0.5"
    postcss-minify-params "^7.0.9"
    postcss-minify-selectors "^7.1.1"
    postcss-normalize-charset "^7.0.3"
    postcss-normalize-display-values "^7.0.3"
    postcss-normalize-positions "^7.0.4"
    postcss-normalize-repeat-style "^7.0.4"
    postcss-normalize-string "^7.0.3"
    postcss-normalize-timing-functions "^7.0.3"
    postcss-normalize-unicode "^7.0.9"
    postcss-normalize-url "^7.0.3"
    postcss-normalize-whitespace "^7.0.3"
    postcss-ordered-values "^7.0.4"
    postcss-reduce-initial "^7.0.9"
    postcss-reduce-transforms "^7.0.3"
    postcss-svgo "^7.1.3"
    postcss-unique-selectors "^7.0.7"

cssnano-utils@^5.0.3:
  version "5.0.3"
  resolved "https://registry.yarnpkg.com/cssnano-utils/-/cssnano-utils-5.0.3.tgz#f64e6a777bf37d99d6b2a6524c6b6c0681f01da0"
  integrity sha512-ynIREMICLxkxm7e9bCR9sh75s4Q5drICi0ua1yxo5jH2XPBqSKkl4dOh4EbFqtUmnTMhRffHgYL0EKKkMjtJTg==

cssnano@^7.0.0:
  version "7.1.8"
  resolved "https://registry.yarnpkg.com/cssnano/-/cssnano-7.1.8.tgz#a6508bd13f3b206676c6594fa19ef45a89acc9dc"
  integrity sha512-OGXtXqXmwEoIGfXM2QoD35vweUAtx+J8ZvLSZHOEV0Jv9Hs9ScTdGGjRzZXun5J4PEZhEoytKig2O2NR8NXxKw==
  dependencies:
    cssnano-preset-default "^7.0.16"
    lilconfig "^3.1.3"

csso@^5.0.5:
  version "5.0.5"
  resolved "https://registry.yarnpkg.com/csso/-/csso-5.0.5.tgz#f9b7fe6cc6ac0b7d90781bb16d5e9874303e2ca6"
  integrity sha512-0LrrStPOdJj+SPCCrGhzryycLjwcgUSHBtxNA8aIDxf0GLsRh1cKYhB00Gd1lDOS4yGH69+SNn13+TWbVHETFQ==
  dependencies:
    css-tree "~2.2.0"

dependency-graph@^1.0.0:
  version "1.0.0"
  resolved "https://registry.yarnpkg.com/dependency-graph/-/dependency-graph-1.0.0.tgz#bb5e85aec1310bc13b22dbd76e3196c4ee4c10d2"
  integrity sha512-cW3gggJ28HZ/LExwxP2B++aiKxhJXMSIt9K48FOXQkm+vuG5gyatXnLsONRJdzO/7VfjDIiaOOa/bs4l464Lwg==

dom-serializer@^2.0.0:
  version "2.0.0"
  resolved "https://registry.yarnpkg.com/dom-serializer/-/dom-serializer-2.0.0.tgz#e41b802e1eedf9f6cae183ce5e622d789d7d8e53"
  integrity sha512-wIkAryiqt/nV5EQKqQpo3SToSOV9J0DnbJqwK7Wv/Trc92zIAYZ4FlMu+JPFW1DfGFt81ZTCGgDEabffXeLyJg==
  dependencies:
    domelementtype "^2.3.0"
    domhandler "^5.0.2"
    entities "^4.2.0"

domelementtype@^2.3.0:
  version "2.3.0"
  resolved "https://registry.yarnpkg.com/domelementtype/-/domelementtype-2.3.0.tgz#5c45e8e869952626331d7aab326d01daf65d589d"
  integrity sha512-OLETBj6w0OsagBwdXnPdN0cnMfF9opN69co+7ZrbfPGrdpPVNBUj02spi6B1N7wChLQiPn4CSH/zJvXw56gmHw==

domhandler@^5.0.2, domhandler@^5.0.3:
  version "5.0.3"
  resolved "https://registry.yarnpkg.com/domhandler/-/domhandler-5.0.3.tgz#cc385f7f751f1d1fc650c21374804254538c7d31"
  integrity sha512-cgwlv/1iFQiFnU96XXgROh8xTeetsnJiDsTc7TYCLFd9+/WNkIqPTxiM/8pSd8VIrhXGTf1Ny1q1hquVqDJB5w==
  dependencies:
    domelementtype "^2.3.0"

domutils@^3.0.1:
  version "3.2.2"
  resolved "https://registry.yarnpkg.com/domutils/-/domutils-3.2.2.tgz#edbfe2b668b0c1d97c24baf0f1062b132221bc78"
  integrity sha512-6kZKyUajlDuqlHKVX1w7gyslj9MPIXzIFiz/rGu35uC1wMi+kMhQwGhl4lt9unC9Vb9INnY9Z3/ZA3+FhASLaw==
  dependencies:
    dom-serializer "^2.0.0"
    domelementtype "^2.3.0"
    domhandler "^5.0.3"

electron-to-chromium@^1.5.328:
  version "1.5.349"
  resolved "https://registry.yarnpkg.com/electron-to-chromium/-/electron-to-chromium-1.5.349.tgz#9b9c6a6d84d1107557c18a9336099ce0ee890e5b"
  integrity sha512-QsWVGyRuY07Aqb234QytTfwd5d9AJlfNIQ5wIOl1L+PZDzI9d9+Fn0FRale/QYlFxt/bUnB0/nLd1jFPGxGK1A==

emoji-regex@^8.0.0:
  version "8.0.0"
  resolved "https://registry.yarnpkg.com/emoji-regex/-/emoji-regex-8.0.0.tgz#e818fd69ce5ccfcb404594f842963bf53164cc37"
  integrity sha512-MSjYzcWNOA0ewAHpz0MxpYFvwg6yjy1NG3xteoqz644VCo/RPgnr1/GGt+ic3iJTzQ8Eu3TdM14SawnVUmGE6A==

entities@^4.2.0:
  version "4.5.0"
  resolved "https://registry.yarnpkg.com/entities/-/entities-4.5.0.tgz#5d268ea5e7113ec74c4d033b79ea5a35a488fb48"
  integrity sha512-V0hjH4dGPh9Ao5p0MoRY6BVqtwCjhz6vI5LT8AJ55H+4g9/4vbHx1I54fS0XuclLhDHArPQCiMjDxjaL8fPxhw==

escalade@^3.1.1, escalade@^3.2.0:
  version "3.2.0"
  resolved "https://registry.yarnpkg.com/escalade/-/escalade-3.2.0.tgz#011a3f69856ba189dffa7dc8fcce99d2a87903e5"
  integrity sha512-WUj2qlxaQtO4g6Pq5c29GTcWGDyd8itL8zTlipgECz3JesAiiOKotd8JU6otB3PACgG6xkJUyVhboMS+bje/jA==

fdir@^6.4.3:
  version "6.4.3"
  resolved "https://registry.yarnpkg.com/fdir/-/fdir-6.4.3.tgz#011cdacf837eca9b811c89dbb902df714273db72"
  integrity sha512-PMXmW2y1hDDfTSRc9gaXIuCCRpuoz3Kaz8cUelp3smouvfT632ozg2vrT6lJsHKKOF59YLbOGfAWGUcKEfRMQw==

fill-range@^7.1.1:
  version "7.1.1"
  resolved "https://registry.yarnpkg.com/fill-range/-/fill-range-7.1.1.tgz#44265d3cac07e3ea7dc247516380643754a05292"
  integrity sha512-YsGpe3WHLK8ZYi4tWDg2Jy3ebRz2rXowDxnld4bkQB00cc/1Zw9AWnC0i9ztDJitivtQvaI9KaLyKrc+hBW0yg==
  dependencies:
    to-regex-range "^5.0.1"

fraction.js@^5.3.4:
  version "5.3.4"
  resolved "https://registry.yarnpkg.com/fraction.js/-/fraction.js-5.3.4.tgz#8c0fcc6a9908262df4ed197427bdeef563e0699a"
  integrity sha512-1X1NTtiJphryn/uLQz3whtY6jK3fTqoE3ohKs0tT+Ujr1W59oopxmoEh7Lu5p6vBaPbgoM0bzveAW4Qi5RyWDQ==

fs-extra@^11.0.0:
  version "11.3.0"
  resolved "https://registry.yarnpkg.com/fs-extra/-/fs-extra-11.3.0.tgz#0daced136bbaf65a555a326719af931adc7a314d"
  integrity sha512-Z4XaCL6dUDHfP/jT25jJKMmtxvuwbkrD1vNSMFlo9lNLY2c5FHYSQgHPRZUjAB26TpDEoW9HCOgplrdbaPV/ew==
  dependencies:
    graceful-fs "^4.2.0"
    jsonfile "^6.0.1"
    universalify "^2.0.0"

fs.realpath@^1.0.0:
  version "1.0.0"
  resolved "https://registry.yarnpkg.com/fs.realpath/-/fs.realpath-1.0.0.tgz#1504ad2523158caa40db4a2787cb01411994ea4f"
  integrity sha512-OO0pH2lK6a0hZnAdau5ItzHPI6pUlvI7jMVnxUQRtw4owF2wk8lOSabtGDCTP4Ggrg2MbGnWO9X8K1t4+fGMDw==

fsevents@~2.3.2:
  version "2.3.3"
  resolved "https://registry.yarnpkg.com/fsevents/-/fsevents-2.3.3.tgz#cac6407785d03675a2a5e1a5305c697b347d90d6"
  integrity sha512-5xoDfX+fL7faATnagmWPpbFtwh/R77WmMMqqHGS65C3vvB0YHrgF+B1YmZ3441tMj5n63k0212XNoJwzlhffQw==

function-bind@^1.1.2:
  version "1.1.2"
  resolved "https://registry.yarnpkg.com/function-bind/-/function-bind-1.1.2.tgz#2c02d864d97f3ea6c8830c464cbd11ab6eab7a1c"
  integrity sha512-7XHNxH7qX9xG5mIwxkhumTox/MIRNcOgDrxWsMt2pAr23WHp6MrRlN7FBSFpCpr+oVO0F744iUgR82nJMfG2SA==

get-caller-file@^2.0.5:
  version "2.0.5"
  resolved "https://registry.yarnpkg.com/get-caller-file/-/get-caller-file-2.0.5.tgz#4f94412a82db32f36e3b0b9741f8a97feb031f7e"
  integrity sha512-DyFP3BM/3YHTQOCUL/w0OZHR0lpKeGrxotcHWcqNEdnltqFwXVfhEBQ94eIo34AfQpo0rGki4cyIiftY06h2Fg==

glob-parent@~5.1.2:
  version "5.1.2"
  resolved "https://registry.yarnpkg.com/glob-parent/-/glob-parent-5.1.2.tgz#869832c58034fe68a4093c17dc15e8340d8401c4"
  integrity sha512-AOIgSQCepiJYwP3ARnGx+5VnTu2HBYdzbGP45eLw1vr3zB3vZLeyed1sC9hnbcOc9/SrMyM5RPQrkGz4aS9Zow==
  dependencies:
    is-glob "^4.0.1"

glob@^8.0.3:
  version "8.1.0"
  resolved "https://registry.yarnpkg.com/glob/-/glob-8.1.0.tgz#d388f656593ef708ee3e34640fdfb99a9fd1c33e"
  integrity sha512-r8hpEjiQEYlF2QU0df3dS+nxxSIreXQS1qRhMJM0Q5NDdR386C7jb7Hwwod8Fgiuex+k0GFjgft18yvxm5XoCQ==
  dependencies:
    fs.realpath "^1.0.0"
    inflight "^1.0.4"
    inherits "2"
    minimatch "^5.0.1"
    once "^1.3.0"

graceful-fs@^4.1.6, graceful-fs@^4.2.0:
  version "4.2.11"
  resolved "https://registry.yarnpkg.com/graceful-fs/-/graceful-fs-4.2.11.tgz#4183e4e8bf08bb6e05bbb2f7d2e0c8f712ca40e3"
  integrity sha512-RbJ5/jmFcNNCcDV5o9eTnBLJ/HszWV0P73bc+Ff4nS/rJj+YaS6IGyiOL0VoBYX+l1Wrl3k63h/KrH+nhJ0XvQ==

hasown@^2.0.2:
  version "2.0.2"
  resolved "https://registry.yarnpkg.com/hasown/-/hasown-2.0.2.tgz#003eaf91be7adc372e84ec59dc37252cedb80003"
  integrity sha512-0hJU9SCPvmMzIBdZFqNPXWa6dqh7WdH0cII9y+CyS8rG3nL48Bclra9HmKhVVUHyPWNH5Y7xDwAB7bfgSjkUMQ==
  dependencies:
    function-bind "^1.1.2"

inflight@^1.0.4:
  version "1.0.6"
  resolved "https://registry.yarnpkg.com/inflight/-/inflight-1.0.6.tgz#49bd6331d7d02d0c09bc910a1075ba8165b56df9"
  integrity sha512-k92I/b08q4wvFscXCLvqfsHCrjrF7yiXsQuIVvVE7N82W3+aqpzuUdBbfhWcy/FZR3/4IgflMgKLOsvPDrGCJA==
  dependencies:
    once "^1.3.0"
    wrappy "1"

inherits@2:
  version "2.0.4"
  resolved "https://registry.yarnpkg.com/inherits/-/inherits-2.0.4.tgz#0fa2c64f932917c3433a0ded55363aae37416b7c"
  integrity sha512-k/vGaX4/Yla3WzyMCvTQOXYeIHvqOKtnqBduzTHpzpQZzAskKMhZ2K+EnBiSM9zGSoIFeMpXKxa4dYeZIQqewQ==

is-binary-path@~2.1.0:
  version "2.1.0"
  resolved "https://registry.yarnpkg.com/is-binary-path/-/is-binary-path-2.1.0.tgz#ea1f7f3b80f064236e83470f86c09c254fb45b09"
  integrity sha512-ZMERYes6pDydyuGidse7OsHxtbI7WVeUEozgR/g7rd0xUimYNlvZRE/K2MgZTjWy725IfelLeVcEM97mmtRGXw==
  dependencies:
    binary-extensions "^2.0.0"

is-core-module@^2.16.1:
  version "2.16.1"
  resolved "https://registry.yarnpkg.com/is-core-module/-/is-core-module-2.16.1.tgz#2a98801a849f43e2add644fbb6bc6229b19a4ef4"
  integrity sha512-UfoeMA6fIJ8wTYFEUjelnaGI67v6+N7qXJEvQuIGa99l4xsCruSYOVSQ0uPANn4dAzm8lkYPaKLrrijLq7x23w==
  dependencies:
    hasown "^2.0.2"

is-extglob@^2.1.1:
  version "2.1.1"
  resolved "https://registry.yarnpkg.com/is-extglob/-/is-extglob-2.1.1.tgz#a88c02535791f02ed37c76a1b9ea9773c833f8c2"
  integrity sha512-SbKbANkN603Vi4jEZv49LeVJMn4yGwsbzZworEoyEiutsN3nJYdbO36zfhGJ6QEDpOZIFkDtnq5JRxmvl3jsoQ==

is-fullwidth-code-point@^3.0.0:
  version "3.0.0"
  resolved "https://registry.yarnpkg.com/is-fullwidth-code-point/-/is-fullwidth-code-point-3.0.0.tgz#f116f8064fe90b3f7844a38997c0b75051269f1d"
  integrity sha512-zymm5+u+sCsSWyD9qNaejV3DFvhCKclKdizYaJUuHA83RLjb7nSuGnddCHGv0hk+KY7BMAlsWeK4Ueg6EV6XQg==

is-glob@^4.0.1, is-glob@~4.0.1:
  version "4.0.3"
  resolved "https://registry.yarnpkg.com/is-glob/-/is-glob-4.0.3.tgz#64f61e42cbbb2eec2071a9dac0b28ba1e65d5084"
  integrity sha512-xelSayHH36ZgE7ZWhli7pW34hNbNl8Ojv5KVmkJD4hBdD3th8Tfk9vYasLM+mXWOZhFkgZfxhLSnrwRr4elSSg==
  dependencies:
    is-extglob "^2.1.1"

is-number@^7.0.0:
  version "7.0.0"
  resolved "https://registry.yarnpkg.com/is-number/-/is-number-7.0.0.tgz#7535345b896734d5f80c4d06c50955527a14f12b"
  integrity sha512-41Cifkg6e8TylSpdtTpeLVMqvSBEVzTttHvERD741+pnZ8ANv0004MRL43QKPDlK9cGvNp6NZWZUBlbGXYxxng==

jsonfile@^6.0.1:
  version "6.1.0"
  resolved "https://registry.yarnpkg.com/jsonfile/-/jsonfile-6.1.0.tgz#bc55b2634793c679ec6403094eb13698a6ec0aae"
  integrity sha512-5dgndWOriYSm5cnYaJNhalLNDKOqFwyDB/rr1E9ZsGciGvKPs8R2xYGCacuf3z6K1YKDz182fd+fY3cn3pMqXQ==
  dependencies:
    universalify "^2.0.0"
  optionalDependencies:
    graceful-fs "^4.1.6"

lilconfig@^3.1.1, lilconfig@^3.1.3:
  version "3.1.3"
  resolved "https://registry.yarnpkg.com/lilconfig/-/lilconfig-3.1.3.tgz#a1bcfd6257f9585bf5ae14ceeebb7b559025e4c4"
  integrity sha512-/vlFKAoH5Cgt3Ie+JLhRbwOsCQePABiU3tJ1egGvyQ+33R/vcwM2Zl2QR/LzjsBeItPt3oSVXapn+m4nQDvpzw==

lodash.memoize@^4.1.2:
  version "4.1.2"
  resolved "https://registry.yarnpkg.com/lodash.memoize/-/lodash.memoize-4.1.2.tgz#bcc6c49a42a2840ed997f323eada5ecd182e0bfe"
  integrity sha512-t7j+NzmgnQzTAYXcsHYLgimltOV1MXHtlOWf6GjL9Kj8GK5FInw5JotxvbOs+IvV1/Dzo04/fCGfLVs7aXb4Ag==

lodash.uniq@^4.5.0:
  version "4.5.0"
  resolved "https://registry.yarnpkg.com/lodash.uniq/-/lodash.uniq-4.5.0.tgz#d0225373aeb652adc1bc82e4945339a842754773"
  integrity sha512-xfBaXQd9ryd9dlSDvnvI0lvxfLJlYAZzXomUYzLKtUeOQvOP5piqAWuGtrhWeqaXK9hhoM/iyJc5AV+XfsX3HQ==

mdn-data@2.0.28:
  version "2.0.28"
  resolved "https://registry.yarnpkg.com/mdn-data/-/mdn-data-2.0.28.tgz#5ec48e7bef120654539069e1ae4ddc81ca490eba"
  integrity sha512-aylIc7Z9y4yzHYAJNuESG3hfhC+0Ibp/MAMiaOZgNv4pmEdFyfZhhhny4MNiAfWdBQ1RQ2mfDWmM1x8SvGyp8g==

mdn-data@2.27.1:
  version "2.27.1"
  resolved "https://registry.yarnpkg.com/mdn-data/-/mdn-data-2.27.1.tgz#e37b9c50880b75366c4d40ac63d9bbcacdb61f0e"
  integrity sha512-9Yubnt3e8A0OKwxYSXyhLymGW4sCufcLG6VdiDdUGVkPhpqLxlvP5vl1983gQjJl3tqbrM731mjaZaP68AgosQ==

mini-svg-data-uri@^1.2.3:
  version "1.4.4"
  resolved "https://registry.yarnpkg.com/mini-svg-data-uri/-/mini-svg-data-uri-1.4.4.tgz#8ab0aabcdf8c29ad5693ca595af19dd2ead09939"
  integrity sha512-r9deDe9p5FJUPZAk3A59wGH7Ii9YrjjWw0jmw/liSbHl2CHiyXj6FcDXDu2K3TjVAXqiJdaw3xxwlZZr9E6nHg==

minimatch@^5.0.1:
  version "5.1.6"
  resolved "https://registry.yarnpkg.com/minimatch/-/minimatch-5.1.6.tgz#1cfcb8cf5522ea69952cd2af95ae09477f122a96"
  integrity sha512-lKwV/1brpG6mBUFHtb7NUmtABCb2WZZmm2wNiOA5hAb8VdCS4B3dtMWyvcoViccwAW/COERjXLt0zP1zXUN26g==
  dependencies:
    brace-expansion "^2.0.1"

nanoid@^3.3.11:
  version "3.3.11"
  resolved "https://registry.yarnpkg.com/nanoid/-/nanoid-3.3.11.tgz#4f4f112cefbe303202f2199838128936266d185b"
  integrity sha512-N8SpfPUnUp1bK+PMYW8qSWdl9U+wwNWI4QKxOYDy9JAro3WMX7p2OeVRF9v+347pnakNevPmiHhNmZ2HbFA76w==

node-releases@^2.0.36:
  version "2.0.38"
  resolved "https://registry.yarnpkg.com/node-releases/-/node-releases-2.0.38.tgz#791569b9e4424a044e12c3abfad418ed83ce9947"
  integrity sha512-3qT/88Y3FbH/Kx4szpQQ4HzUbVrHPKTLVpVocKiLfoYvw9XSGOX2FmD2d6DrXbVYyAQTF2HeF6My8jmzx7/CRw==

normalize-path@^3.0.0, normalize-path@~3.0.0:
  version "3.0.0"
  resolved "https://registry.yarnpkg.com/normalize-path/-/normalize-path-3.0.0.tgz#0dcd69ff23a1c9b11fd0978316644a0388216a65"
  integrity sha512-6eZs5Ls3WtCisHWp9S2GUy8dqkpGi4BVSz3GaqiE6ezub0512ESztXUwUB6C6IKbQkY2Pnb/mD4WYojCRwcwLA==

nth-check@^2.0.1:
  version "2.1.1"
  resolved "https://registry.yarnpkg.com/nth-check/-/nth-check-2.1.1.tgz#c9eab428effce36cd6b92c924bdb000ef1f1ed1d"
  integrity sha512-lqjrjmaOoAnWfMmBPL+XNnynZh2+swxiX3WUE0s4yEHI6m+AwrK2UZOimIRl3X/4QctVqS8AiZjFqyOGrMXb/w==
  dependencies:
    boolbase "^1.0.0"

once@^1.3.0:
  version "1.4.0"
  resolved "https://registry.yarnpkg.com/once/-/once-1.4.0.tgz#583b1aa775961d4b113ac17d9c50baef9dd76bd1"
  integrity sha512-lNaJgI+2Q5URQBkccEKHTQOPaXdUxnZZElQTZY0MFUAuaEqe1E+Nyvgdz/aIyNi6Z9MzO5dv1H8n58/GELp3+w==
  dependencies:
    wrappy "1"

path-parse@^1.0.7:
  version "1.0.7"
  resolved "https://registry.yarnpkg.com/path-parse/-/path-parse-1.0.7.tgz#fbc114b60ca42b30d9daf5858e4bd68bbedb6735"
  integrity sha512-LDJzPVEEEPR+y48z93A0Ed0yXb8pAByGWo/k5YYdYgpY2/2EsOsksJrq7lOHxryrVOn1ejG6oAp8ahvOIQD8sw==

picocolors@^1.0.0, picocolors@^1.1.1:
  version "1.1.1"
  resolved "https://registry.yarnpkg.com/picocolors/-/picocolors-1.1.1.tgz#3d321af3eab939b083c8f929a1d12cda81c26b6b"
  integrity sha512-xceH2snhtb5M9liqDsmEw56le376mTZkEX/jEb/RxNFyegNul7eNslCXP9FDj/Lcu0X8KEyMceP2ntpaHrDEVA==

picomatch@^2.0.4, picomatch@^2.2.1:
  version "2.3.1"
  resolved "https://registry.yarnpkg.com/picomatch/-/picomatch-2.3.1.tgz#3ba3833733646d9d3e4995946c1365a67fb07a42"
  integrity sha512-JU3teHTNjmE2VCGFzuY8EXzCDVwEqB2a8fsIvwaStHhAWJEeVd1o1QD80CU6+ZdEXXSLbSsuLwJjkCBWqRQUVA==

picomatch@^4.0.2:
  version "4.0.2"
  resolved "https://registry.yarnpkg.com/picomatch/-/picomatch-4.0.2.tgz#77c742931e8f3b8820946c76cd0c1f13730d1dab"
  integrity sha512-M7BAV6Rlcy5u+m6oPhAPFgJTzAioX/6B0DxyvDlo9l8+T3nLKbrczg2WLUyzd45L8RqfUMyGPzekbMvX2Ldkwg==

pify@^2.3.0:
  version "2.3.0"
  resolved "https://registry.yarnpkg.com/pify/-/pify-2.3.0.tgz#ed141a6ac043a849ea588498e7dca8b15330e90c"
  integrity sha512-udgsAY+fTnvv7kI7aaxbqwWNb0AHiB0qBO89PZKPkoTmGOgdbrHDKD+0B2X4uTfJ/FT1R09r9gTsjUjNJotuog==

postcss-calc@^10.1.1:
  version "10.1.1"
  resolved "https://registry.yarnpkg.com/postcss-calc/-/postcss-calc-10.1.1.tgz#52b385f2e628239686eb6e3a16207a43f36064ca"
  integrity sha512-NYEsLHh8DgG/PRH2+G9BTuUdtf9ViS+vdoQ0YA5OQdGsfN4ztiwtDWNtBl9EKeqNMFnIu8IKZ0cLxEQ5r5KVMw==
  dependencies:
    postcss-selector-parser "^7.0.0"
    postcss-value-parser "^4.2.0"

postcss-cli@^11.0.0:
  version "11.0.1"
  resolved "https://registry.yarnpkg.com/postcss-cli/-/postcss-cli-11.0.1.tgz#341188ff7b26b19b206ca923ae2bd979751e7da7"
  integrity sha512-0UnkNPSayHKRe/tc2YGW6XnSqqOA9eqpiRMgRlV1S6HdGi16vwJBx7lviARzbV1HpQHqLLRH3o8vTcB0cLc+5g==
  dependencies:
    chokidar "^3.3.0"
    dependency-graph "^1.0.0"
    fs-extra "^11.0.0"
    picocolors "^1.0.0"
    postcss-load-config "^5.0.0"
    postcss-reporter "^7.0.0"
    pretty-hrtime "^1.0.3"
    read-cache "^1.0.0"
    slash "^5.0.0"
    tinyglobby "^0.2.12"
    yargs "^17.0.0"

postcss-colormin@^7.0.10:
  version "7.0.10"
  resolved "https://registry.yarnpkg.com/postcss-colormin/-/postcss-colormin-7.0.10.tgz#8564621ba92496e30fc0ead4ab29be4718c30614"
  integrity sha512-yFr6JezOolHLta/buLE71VKPh2mXursp4saVe98/ol8ZnEWhL+racShqPKlvd/DKWLre/39B6HhcMXf7RZ3hxg==
  dependencies:
    "@colordx/core" "^5.4.3"
    browserslist "^4.28.2"
    caniuse-api "^3.0.0"
    postcss-value-parser "^4.2.0"

postcss-convert-values@^7.0.12:
  version "7.0.12"
  resolved "https://registry.yarnpkg.com/postcss-convert-values/-/postcss-convert-values-7.0.12.tgz#2fa2737bfe799fdff3f87309c70bcef16d971eb5"
  integrity sha512-xurKu5qqk4viR3Cp3p4xBR4KfnZm4w4ys6+UBwBmeuBSNkH7+DtLnYOYnOffgtE4yx8sH9S1VZ6RAAvROXzP2Q==
  dependencies:
    browserslist "^4.28.2"
    postcss-value-parser "^4.2.0"

postcss-discard-comments@^7.0.8:
  version "7.0.8"
  resolved "https://registry.yarnpkg.com/postcss-discard-comments/-/postcss-discard-comments-7.0.8.tgz#1eaf1d8b76572cdc50074ff9945e342af678d8dc"
  integrity sha512-CvvS5S9WrXblFXCEJ9nVo+4z+eA7zSC7Z88V1HEJuwlQhlFnYTIjg1xJY+BCUiG2bvICap2tXii4mP22BD108Q==
  dependencies:
    postcss-selector-parser "^7.1.1"

postcss-discard-duplicates@^7.0.4:
  version "7.0.4"
  resolved "https://registry.yarnpkg.com/postcss-discard-duplicates/-/postcss-discard-duplicates-7.0.4.tgz#1ddaabe81b7412e056fc406e1a2241319632869c"
  integrity sha512-VBNn1+EuMZkeGVVtz0gRfbNGtx9IFgAsAV+E2pHtXPrp4qfGBkhTIiAuE/wrb+Y6Pakg9NewAlfTpYIFAWODtw==

postcss-discard-empty@^7.0.3:
  version "7.0.3"
  resolved "https://registry.yarnpkg.com/postcss-discard-empty/-/postcss-discard-empty-7.0.3.tgz#67b4b07b4fc75dfb602cd97fea61b60dda223e18"
  integrity sha512-M2pyjQCU+/7cMHVtL6bKTHjv0lZnPLMpicgr67Dlth7AbuV9gjVTtUqaRwn6Pp6BwSDspUzhz8SaUrRykJU5Dw==

postcss-discard-overridden@^7.0.3:
  version "7.0.3"
  resolved "https://registry.yarnpkg.com/postcss-discard-overridden/-/postcss-discard-overridden-7.0.3.tgz#366895511ed1d5ffe2d16a84c530d05e554ebff0"
  integrity sha512-aNovXo9UsZuRNLzHJtp13lHIvinDPfiXBPePpXkSjCbgp++iU2FqE+YxvjIsg6EdyPZsASFbfu+JcBFVsErXIQ==

postcss-import@^16.0.0:
  version "16.1.1"
  resolved "https://registry.yarnpkg.com/postcss-import/-/postcss-import-16.1.1.tgz#cfbe79e6c9232b0dbbe1c18f35308825cfe8ff2a"
  integrity sha512-2xVS1NCZAfjtVdvXiyegxzJ447GyqCeEI5V7ApgQVOWnros1p5lGNovJNapwPpMombyFBfqDwt7AD3n2l0KOfQ==
  dependencies:
    postcss-value-parser "^4.0.0"
    read-cache "^1.0.0"
    resolve "^1.1.7"

postcss-load-config@^5.0.0:
  version "5.1.0"
  resolved "https://registry.yarnpkg.com/postcss-load-config/-/postcss-load-config-5.1.0.tgz#4ded23410da973e05edae9d41fa99bb5c1d5477f"
  integrity sha512-G5AJ+IX0aD0dygOE0yFZQ/huFFMSNneyfp0e3/bT05a8OfPC5FUoZRPfGijUdGOJNMewJiwzcHJXFafFzeKFVA==
  dependencies:
    lilconfig "^3.1.1"
    yaml "^2.4.2"

postcss-merge-longhand@^7.0.7:
  version "7.0.7"
  resolved "https://registry.yarnpkg.com/postcss-merge-longhand/-/postcss-merge-longhand-7.0.7.tgz#9c1e2b6566c20aee31bc9167e9379cb9b8823342"
  integrity sha512-b3mfYUxR388u5Pt0HPcVIUtUDn/k15UfTY9M+ORW+meCR6JLNxoZffiYvXyOYQoRYQNZyX/UFkMCM/mNHxe1qA==
  dependencies:
    postcss-value-parser "^4.2.0"
    stylehacks "^7.0.11"

postcss-merge-rules@^7.0.11:
  version "7.0.11"
  resolved "https://registry.yarnpkg.com/postcss-merge-rules/-/postcss-merge-rules-7.0.11.tgz#ddf279e103eb6130e35908a07faffe33c21491b0"
  integrity sha512-SJUPM18g2BmPhf8BVlbwqWz4aK3pLu6u6xjfwEzra7xL6IBR10sUaiB++EzqcVfadPHrKBSMlNdP+XieykhI+Q==
  dependencies:
    browserslist "^4.28.2"
    caniuse-api "^3.0.0"
    cssnano-utils "^5.0.3"
    postcss-selector-parser "^7.1.1"

postcss-minify-font-values@^7.0.3:
  version "7.0.3"
  resolved "https://registry.yarnpkg.com/postcss-minify-font-values/-/postcss-minify-font-values-7.0.3.tgz#e14218a8b85e390b9602dfba6fe66a228ae90b28"
  integrity sha512-yilG/VOaNI74IylQvAQQxm3/wZVBkXyYUqNUAdxqwtbWUXPsbK1q8Ms0mL83v+f8YicgcyfYCRZtWACUdYajpA==
  dependencies:
    postcss-value-parser "^4.2.0"

postcss-minify-gradients@^7.0.5:
  version "7.0.5"
  resolved "https://registry.yarnpkg.com/postcss-minify-gradients/-/postcss-minify-gradients-7.0.5.tgz#6baf5a896a067b0e9b1efb78cb75d6dced33e9b7"
  integrity sha512-YraROyQRg3BI1+Hg8E05B/JPdnTm8EDSVu4P2BxdM+CRiOyfmou809+chGIqo6fQqwjPGQ947nbGncSjmTU1WQ==
  dependencies:
    "@colordx/core" "^5.4.3"
    cssnano-utils "^5.0.3"
    postcss-value-parser "^4.2.0"

postcss-minify-params@^7.0.9:
  version "7.0.9"
  resolved "https://registry.yarnpkg.com/postcss-minify-params/-/postcss-minify-params-7.0.9.tgz#afbab58c912c1e5d97c05184a7b0df662f2e87c0"
  integrity sha512-R8itbB8BhlpoYyBm1ou0dD+vJnQ3F6adQipR4UnkCHUwlo+S9WXJaDRg1RHjC8YVAtIdrQzSWvJl40HnGDTKjA==
  dependencies:
    browserslist "^4.28.2"
    cssnano-utils "^5.0.3"
    postcss-value-parser "^4.2.0"

postcss-minify-selectors@^7.1.1:
  version "7.1.1"
  resolved "https://registry.yarnpkg.com/postcss-minify-selectors/-/postcss-minify-selectors-7.1.1.tgz#2de3a0f9fc07d745d4164adc59865b3a0c9b1b87"
  integrity sha512-MZWXwSTfcpmNVJIs7tddar/275a4/zT5nG9/gEndHPRZGTAQNpiSkk8s/dq+yZVX2jKfvVn1d5X8Z5SJHWnDoQ==
  dependencies:
    browserslist "^4.28.1"
    caniuse-api "^3.0.0"
    cssesc "^3.0.0"
    postcss-selector-parser "^7.1.1"

postcss-normalize-charset@^7.0.3:
  version "7.0.3"
  resolved "https://registry.yarnpkg.com/postcss-normalize-charset/-/postcss-normalize-charset-7.0.3.tgz#73862324ca03c14e37a2ef1da7a1a6139336e788"
  integrity sha512-NoBfZu8PR4c2NlmjvrqQTzCzLY79hwcSRgNQ3ZiNK0ABzf9kYKloE/jNj+/8GQY1wsm8pRRgANk6ydLH8cwo0Q==

postcss-normalize-display-values@^7.0.3:
  version "7.0.3"
  resolved "https://registry.yarnpkg.com/postcss-normalize-display-values/-/postcss-normalize-display-values-7.0.3.tgz#feea4f9b52d6acf165ecfd36162b4254dd7f7ee8"
  integrity sha512-ldsCX0QIt05pKIOobZtVQ48wXJecr+czw4+e1/YjVhLMqslShgpVxgPtI2CefURR8oyVoYaU/l829MMwExDMLw==
  dependencies:
    postcss-value-parser "^4.2.0"

postcss-normalize-positions@^7.0.4:
  version "7.0.4"
  resolved "https://registry.yarnpkg.com/postcss-normalize-positions/-/postcss-normalize-positions-7.0.4.tgz#2fc7bcb651fed59b90e21b2e81f546475be65e2d"
  integrity sha512-VEvlpeGd3Ju1Hqa/oN4jaP3+ms4laYwkEL9N9u+B6k54PZjXbW1n6wI+aVprf1BQXlCYpS5+1pl/7/vHiKgARg==
  dependencies:
    postcss-value-parser "^4.2.0"

postcss-normalize-repeat-style@^7.0.4:
  version "7.0.4"
  resolved "https://registry.yarnpkg.com/postcss-normalize-repeat-style/-/postcss-normalize-repeat-style-7.0.4.tgz#6df15d1ea9766dd53366edcf9f3dc6d0266e19c0"
  integrity sha512-6mPKlY/8cSaDHxX502wERADarJsccwlky6yIrOapHH2ZgfoKAV94SbiTKfKEs4EEpdazuc3J72WsqeYk7hp9+Q==
  dependencies:
    postcss-value-parser "^4.2.0"

postcss-normalize-string@^7.0.3:
  version "7.0.3"
  resolved "https://registry.yarnpkg.com/postcss-normalize-string/-/postcss-normalize-string-7.0.3.tgz#bf6f38814fc632ae8528a7cd101877835e266e47"
  integrity sha512-HnEQPUchi1eznmDKEYrKUTqrprEq97SrpUYClgUkv7V2zRODD9DFoUsYU+m9ZOetmD5ku7fEMZB/lwy8IT6xVQ==
  dependencies:
    postcss-value-parser "^4.2.0"

postcss-normalize-timing-functions@^7.0.3:
  version "7.0.3"
  resolved "https://registry.yarnpkg.com/postcss-normalize-timing-functions/-/postcss-normalize-timing-functions-7.0.3.tgz#db0034b9227a008230733cf4a86757821735104f"
  integrity sha512-zmEzHdvpZBZu0OKlbJSfgASQvaayyAoVuWtvyr34IJ/LyS+DaOKvvR3EvFJ9RWWtNIx+CMvO125OVophaxNYew==
  dependencies:
    postcss-value-parser "^4.2.0"

postcss-normalize-unicode@^7.0.9:
  version "7.0.9"
  resolved "https://registry.yarnpkg.com/postcss-normalize-unicode/-/postcss-normalize-unicode-7.0.9.tgz#f3d4f13af7471c9fcc5de184ba5ea889d7484f3b"
  integrity sha512-DRAdWfeh/TjmhLJsw91vdiWCnUod9iwvM7xyS02/nF/sLsCR3A8l3pztrSUrWG8DSBqfX7yEk9FM0USaVJ2mSg==
  dependencies:
    browserslist "^4.28.2"
    postcss-value-parser "^4.2.0"

postcss-normalize-url@^7.0.3:
  version "7.0.3"
  resolved "https://registry.yarnpkg.com/postcss-normalize-url/-/postcss-normalize-url-7.0.3.tgz#bf8807b7d0f58228cf7b958e6a024e32ec87b74e"
  integrity sha512-CL93wmloq5qsffmFv+bw24MIRbmhHrp53qoh1LDAb/5TtjWEXI/np4xcP/Gw9oWCb2XyWnqHYLDUwiKRoJBA1Q==
  dependencies:
    postcss-value-parser "^4.2.0"

postcss-normalize-whitespace@^7.0.3:
  version "7.0.3"
  resolved "https://registry.yarnpkg.com/postcss-normalize-whitespace/-/postcss-normalize-whitespace-7.0.3.tgz#d32556f2c97e217ec3d08d9b2e7f9d1b474e8cb9"
  integrity sha512-FdHjjn+Ht5Z2ZRjNOmeCbNq6lq09sUYKpmlF/Aq0XjVNSLTL6fmHlA/3swN2wP2caY9GV/tjSDcIIyS7aN7W0A==
  dependencies:
    postcss-value-parser "^4.2.0"

postcss-ordered-values@^7.0.4:
  version "7.0.4"
  resolved "https://registry.yarnpkg.com/postcss-ordered-values/-/postcss-ordered-values-7.0.4.tgz#b86108fa6f873fc78fbaa0cdc4b59cf3b3275ec3"
  integrity sha512-nubSi49hDHQk4E8KIj+IbLY8Bg+8OcSUEhgyolgM+atnOvXjV7EjaR6bac4YGZoFyPa9mWoAF3EaYbWdFkKqVg==
  dependencies:
    cssnano-utils "^5.0.3"
    postcss-value-parser "^4.2.0"

postcss-purgecss@^5.0.0:
  version "5.0.0"
  resolved "https://registry.yarnpkg.com/postcss-purgecss/-/postcss-purgecss-5.0.0.tgz#50c18314058e4b2a9febf8fa681fcdf53e43dca6"
  integrity sha512-qmvyvcy9ph0Fgsjq4z8ilm3+/B/EG52XKgITe5J7Txhk7EpfRo2hDl6dXDOlp8uEUO8TLnGkxfLPnEejT+/nAQ==
  dependencies:
    purgecss "^5.0.0"

postcss-reduce-initial@^7.0.9:
  version "7.0.9"
  resolved "https://registry.yarnpkg.com/postcss-reduce-initial/-/postcss-reduce-initial-7.0.9.tgz#08e975ad180efe01ebca60e50aec23382ca8163f"
  integrity sha512-ztTNPdIxXTxtBcG03E9u8v44M4ElXbMIRT7pf2onlquGula0Y83nKKxqM22FA/hMgkfCjN7ohevkVlaNwI8iOQ==
  dependencies:
    browserslist "^4.28.2"
    caniuse-api "^3.0.0"

postcss-reduce-transforms@^7.0.3:
  version "7.0.3"
  resolved "https://registry.yarnpkg.com/postcss-reduce-transforms/-/postcss-reduce-transforms-7.0.3.tgz#904b6176da1d809fc2d1f453b0eefb5db0b6ad0e"
  integrity sha512-FXsnN9ZwcZTT8Yf8cAHA8qIGUXcX6WfLd9JoYhrdDfmvsVhhfqkkv7m4AC3rwFOfz+GzkUa87OCKF9dUcicd+g==
  dependencies:
    postcss-value-parser "^4.2.0"

postcss-reporter@^7.0.0:
  version "7.1.0"
  resolved "https://registry.yarnpkg.com/postcss-reporter/-/postcss-reporter-7.1.0.tgz#5ec476d224e2fe25a054e3c66d9b2901d4fab422"
  integrity sha512-/eoEylGWyy6/DOiMP5lmFRdmDKThqgn7D6hP2dXKJI/0rJSO1ADFNngZfDzxL0YAxFvws+Rtpuji1YIHj4mySA==
  dependencies:
    picocolors "^1.0.0"
    thenby "^1.3.4"

postcss-selector-parser@^6.0.7:
  version "6.0.13"
  resolved "https://registry.yarnpkg.com/postcss-selector-parser/-/postcss-selector-parser-6.0.13.tgz#d05d8d76b1e8e173257ef9d60b706a8e5e99bf1b"
  integrity sha512-EaV1Gl4mUEV4ddhDnv/xtj7sxwrwxdetHdWUGnT4VJQf+4d05v6lHYZr8N573k5Z0BViss7BDhfWtKS3+sfAqQ==
  dependencies:
    cssesc "^3.0.0"
    util-deprecate "^1.0.2"

postcss-selector-parser@^7.0.0, postcss-selector-parser@^7.1.1:
  version "7.1.1"
  resolved "https://registry.yarnpkg.com/postcss-selector-parser/-/postcss-selector-parser-7.1.1.tgz#e75d2e0d843f620e5df69076166f4e16f891cb9f"
  integrity sha512-orRsuYpJVw8LdAwqqLykBj9ecS5/cRHlI5+nvTo8LcCKmzDmqVORXtOIYEEQuL9D4BxtA1lm5isAqzQZCoQ6Eg==
  dependencies:
    cssesc "^3.0.0"
    util-deprecate "^1.0.2"

postcss-svgo@^7.1.3:
  version "7.1.3"
  resolved "https://registry.yarnpkg.com/postcss-svgo/-/postcss-svgo-7.1.3.tgz#d225c0df52d984659277b9d9f6b255cf8b2942d3"
  integrity sha512-2QfoFOYMcj8lwcVEf9WeTlkVIAm7u2QvOEhMzkQU3KUhhGX/l8hVV9EtjMv4iq3E9iI3OeeMN0YoMLbGusuigw==
  dependencies:
    postcss-value-parser "^4.2.0"
    svgo "^4.0.1"

postcss-unique-selectors@^7.0.7:
  version "7.0.7"
  resolved "https://registry.yarnpkg.com/postcss-unique-selectors/-/postcss-unique-selectors-7.0.7.tgz#f377aa479c646a5b1049f54f603cd89d88606512"
  integrity sha512-d+sCkaRnSefghOUdH8CMJZV9yUQhj2ojpe8Nw/lA+LV1UOfeleGkLTl6XdCFFSai9UJ+DJPb69FFuqthXYsY8w==
  dependencies:
    postcss-selector-parser "^7.1.1"

postcss-value-parser@^4.0.0, postcss-value-parser@^4.2.0:
  version "4.2.0"
  resolved "https://registry.yarnpkg.com/postcss-value-parser/-/postcss-value-parser-4.2.0.tgz#723c09920836ba6d3e5af019f92bc0971c02e514"
  integrity sha512-1NNCs6uurfkVbeXG4S8JFT9t19m45ICnif8zWLd5oPSZ50QnwMfK+H3jv408d4jw/7Bttv5axS5IiHoLaVNHeQ==

postcss@^8.4.4, postcss@^8.4.5:
  version "8.5.13"
  resolved "https://registry.yarnpkg.com/postcss/-/postcss-8.5.13.tgz#6cfaf647f2e7ef69850208eccd849e0d3f65d420"
  integrity sha512-qif0+jGGZoLWdHey3UFHHWP0H7Gbmsk8T5VEqyYFbWqPr1XqvLGBbk/sl8V5exGmcYJklJOhOQq1pV9IcsiFag==
  dependencies:
    nanoid "^3.3.11"
    picocolors "^1.1.1"
    source-map-js "^1.2.1"

pretty-hrtime@^1.0.3:
  version "1.0.3"
  resolved "https://registry.yarnpkg.com/pretty-hrtime/-/pretty-hrtime-1.0.3.tgz#b7e3ea42435a4c9b2759d99e0f201eb195802ee1"
  integrity sha512-66hKPCr+72mlfiSjlEB1+45IjXSqvVAIy6mocupoww4tBFE9R9IhwwUGoI4G++Tc9Aq+2rxOt0RFU6gPcrte0A==

purgecss@^5.0.0:
  version "5.0.0"
  resolved "https://registry.yarnpkg.com/purgecss/-/purgecss-5.0.0.tgz#08526ba3fef95e42c54503ca59d3f2ee8d6e5189"
  integrity sha512-RAnuxrGuVyLLTr8uMbKaxDRGWMgK5CCYDfRyUNNcaz5P3kGgD2b7ymQGYEyo2ST7Tl/ScwFgf5l3slKMxHSbrw==
  dependencies:
    commander "^9.0.0"
    glob "^8.0.3"
    postcss "^8.4.4"
    postcss-selector-parser "^6.0.7"

read-cache@^1.0.0:
  version "1.0.0"
  resolved "https://registry.yarnpkg.com/read-cache/-/read-cache-1.0.0.tgz#e664ef31161166c9751cdbe8dbcf86b5fb58f774"
  integrity sha512-Owdv/Ft7IjOgm/i0xvNDZ1LrRANRfew4b2prF3OWMQLxLfu3bS8FVhCsrSCMK4lR56Y9ya+AThoTpDCTxCmpRA==
  dependencies:
    pify "^2.3.0"

readdirp@~3.6.0:
  version "3.6.0"
  resolved "https://registry.yarnpkg.com/readdirp/-/readdirp-3.6.0.tgz#74a370bd857116e245b29cc97340cd431a02a6c7"
  integrity sha512-hOS089on8RduqdbhvQ5Z37A0ESjsqz6qnRcffsMU3495FuTdqSm+7bhJ29JvIOsBDEEnan5DPu9t3To9VRlMzA==
  dependencies:
    picomatch "^2.2.1"

require-directory@^2.1.1:
  version "2.1.1"
  resolved "https://registry.yarnpkg.com/require-directory/-/require-directory-2.1.1.tgz#8c64ad5fd30dab1c976e2344ffe7f792a6a6df42"
  integrity sha512-fGxEI7+wsG9xrvdjsrlmL22OMTTiHRwAMroiEeMgq8gzoLC/PQr7RsRDSTLUg/bZAZtF+TVIkHc6/4RIKrui+Q==

resolve@^1.1.7:
  version "1.22.11"
  resolved "https://registry.yarnpkg.com/resolve/-/resolve-1.22.11.tgz#aad857ce1ffb8bfa9b0b1ac29f1156383f68c262"
  integrity sha512-RfqAvLnMl313r7c9oclB1HhUEAezcpLjz95wFH4LVuhk9JF/r22qmVP9AMmOU4vMX7Q8pN8jwNg/CSpdFnMjTQ==
  dependencies:
    is-core-module "^2.16.1"
    path-parse "^1.0.7"
    supports-preserve-symlinks-flag "^1.0.0"

sax@^1.5.0:
  version "1.6.0"
  resolved "https://registry.yarnpkg.com/sax/-/sax-1.6.0.tgz#da59637629307b97e7c4cb28e080a7bc38560d5b"
  integrity sha512-6R3J5M4AcbtLUdZmRv2SygeVaM7IhrLXu9BmnOGmmACak8fiUtOsYNWUS4uK7upbmHIBbLBeFeI//477BKLBzA==

slash@^5.0.0:
  version "5.1.0"
  resolved "https://registry.yarnpkg.com/slash/-/slash-5.1.0.tgz#be3adddcdf09ac38eebe8dcdc7b1a57a75b095ce"
  integrity sha512-ZA6oR3T/pEyuqwMgAKT0/hAv8oAXckzbkmR0UkUosQ+Mc4RxGoJkRmwHgHufaenlyAgE1Mxgpdcrf75y6XcnDg==

source-map-js@^1.0.1, source-map-js@^1.2.1:
  version "1.2.1"
  resolved "https://registry.yarnpkg.com/source-map-js/-/source-map-js-1.2.1.tgz#1ce5650fddd87abc099eda37dcff024c2667ae46"
  integrity sha512-UXWMKhLOwVKb728IUtQPXxfYU+usdybtUrK/8uGE8CQMvrhOpwvzDBwj0QhSL7MQc7vIsISBG8VQ8+IDQxpfQA==

string-width@^4.1.0, string-width@^4.2.0, string-width@^4.2.3:
  version "4.2.3"
  resolved "https://registry.yarnpkg.com/string-width/-/string-width-4.2.3.tgz#269c7117d27b05ad2e536830a8ec895ef9c6d010"
  integrity sha512-wKyQRQpjJ0sIp62ErSZdGsjMJWsap5oRNihHhu6G7JVO/9jIB6UyevL+tXuOqrng8j/cxKTWyWUwvSTriiZz/g==
  dependencies:
    emoji-regex "^8.0.0"
    is-fullwidth-code-point "^3.0.0"
    strip-ansi "^6.0.1"

strip-ansi@^6.0.0, strip-ansi@^6.0.1:
  version "6.0.1"
  resolved "https://registry.yarnpkg.com/strip-ansi/-/strip-ansi-6.0.1.tgz#9e26c63d30f53443e9489495b2105d37b67a85d9"
  integrity sha512-Y38VPSHcqkFrCpFnQ9vuSXmquuv5oXOKpGeT6aGrr3o3Gc9AlVa6JBfUSOCnbxGGZF+/0ooI7KrPuUSztUdU5A==
  dependencies:
    ansi-regex "^5.0.1"

stylehacks@^7.0.11:
  version "7.0.11"
  resolved "https://registry.yarnpkg.com/stylehacks/-/stylehacks-7.0.11.tgz#b6c97388d4f7f97560f3c69e3bfe1d3db74bb2c2"
  integrity sha512-iODNfhXVLqc5LADs+Y6Oh5wJuK5ZcHbVng8aiK3y9pjMQdc5hLrBW0eFU6FtnpNrE6PoEg/MmFTU4waotj5WNg==
  dependencies:
    browserslist "^4.28.2"
    postcss-selector-parser "^7.1.1"

supports-preserve-symlinks-flag@^1.0.0:
  version "1.0.0"
  resolved "https://registry.yarnpkg.com/supports-preserve-symlinks-flag/-/supports-preserve-symlinks-flag-1.0.0.tgz#6eda4bd344a3c94aea376d4cc31bc77311039e09"
  integrity sha512-ot0WnXS9fgdkgIcePe6RHNk1WA8+muPa6cSjeR3V8K27q9BB1rTE3R1p7Hv0z1ZyAc8s6Vvv8DIyWf681MAt0w==

svgo@^4.0.1:
  version "4.0.1"
  resolved "https://registry.yarnpkg.com/svgo/-/svgo-4.0.1.tgz#c82dacd04ee9f1d55cd4e0b7f9a214c86670e3ee"
  integrity sha512-XDpWUOPC6FEibaLzjfe0ucaV0YrOjYotGJO1WpF0Zd+n6ZGEQUsSugaoLq9QkEZtAfQIxT42UChcssDVPP3+/w==
  dependencies:
    commander "^11.1.0"
    css-select "^5.1.0"
    css-tree "^3.0.1"
    css-what "^6.1.0"
    csso "^5.0.5"
    picocolors "^1.1.1"
    sax "^1.5.0"

tailwindcss@^4.0.0:
  version "4.2.4"
  resolved "https://registry.yarnpkg.com/tailwindcss/-/tailwindcss-4.2.4.tgz#f7e3090edb22d56394db4d68e6464d2628dc2aa9"
  integrity sha512-HhKppgO81FQof5m6TEnuBWCZGgfRAWbaeOaGT00KOy/Pf/j6oUihdvBpA7ltCeAvZpFhW3j0PTclkxsd4IXYDA==

thenby@^1.3.4:
  version "1.3.4"
  resolved "https://registry.yarnpkg.com/thenby/-/thenby-1.3.4.tgz#81581f6e1bb324c6dedeae9bfc28e59b1a2201cc"
  integrity sha512-89Gi5raiWA3QZ4b2ePcEwswC3me9JIg+ToSgtE0JWeCynLnLxNr/f9G+xfo9K+Oj4AFdom8YNJjibIARTJmapQ==

tinyglobby@^0.2.12:
  version "0.2.12"
  resolved "https://registry.yarnpkg.com/tinyglobby/-/tinyglobby-0.2.12.tgz#ac941a42e0c5773bd0b5d08f32de82e74a1a61b5"
  integrity sha512-qkf4trmKSIiMTs/E63cxH+ojC2unam7rJ0WrauAzpT3ECNTxGRMlaXxVbfxMUC/w0LaYk6jQ4y/nGR9uBO3tww==
  dependencies:
    fdir "^6.4.3"
    picomatch "^4.0.2"

to-regex-range@^5.0.1:
  version "5.0.1"
  resolved "https://registry.yarnpkg.com/to-regex-range/-/to-regex-range-5.0.1.tgz#1648c44aae7c8d988a326018ed72f5b4dd0392e4"
  integrity sha512-65P7iz6X5yEr1cwcgvQxbbIw7Uk3gOy5dIdtZ4rDveLqhrdJP+Li/Hx6tyK0NEb+2GCyneCMJiGqrADCSNk8sQ==
  dependencies:
    is-number "^7.0.0"

universalify@^2.0.0:
  version "2.0.1"
  resolved "https://registry.yarnpkg.com/universalify/-/universalify-2.0.1.tgz#168efc2180964e6386d061e094df61afe239b18d"
  integrity sha512-gptHNQghINnc/vTGIk0SOFGFNXw7JVrlRUtConJRlvaw6DuX0wO5Jeko9sWrMBhh+PsYAZ7oXAiOnf/UKogyiw==

update-browserslist-db@^1.2.3:
  version "1.2.3"
  resolved "https://registry.yarnpkg.com/update-browserslist-db/-/update-browserslist-db-1.2.3.tgz#64d76db58713136acbeb4c49114366cc6cc2e80d"
  integrity sha512-Js0m9cx+qOgDxo0eMiFGEueWztz+d4+M3rGlmKPT+T4IS/jP4ylw3Nwpu6cpTTP8R1MAC1kF4VbdLt3ARf209w==
  dependencies:
    escalade "^3.2.0"
    picocolors "^1.1.1"

util-deprecate@^1.0.2:
  version "1.0.2"
  resolved "https://registry.yarnpkg.com/util-deprecate/-/util-deprecate-1.0.2.tgz#450d4dc9fa70de732762fbd2d4a28981419a0ccf"
  integrity sha512-EPD5q1uXyFxJpCrLnCc1nHnq3gOa6DZBocAIiI2TaSCA7VCJ1UJDMagCzIkXNsUYfD1daK//LTEQ8xiIbrHtcw==

wrap-ansi@^7.0.0:
  version "7.0.0"
  resolved "https://registry.yarnpkg.com/wrap-ansi/-/wrap-ansi-7.0.0.tgz#67e145cff510a6a6984bdf1152911d69d2eb9e43"
  integrity sha512-YVGIj2kamLSTxw6NsZjoBxfSwsn0ycdesmc4p+Q21c5zPuZ1pl+NfxVdxPtdHvmNVOQ6XSYG4AUtyt/Fi7D16Q==
  dependencies:
    ansi-styles "^4.0.0"
    string-width "^4.1.0"
    strip-ansi "^6.0.0"

wrappy@1:
  version "1.0.2"
  resolved "https://registry.yarnpkg.com/wrappy/-/wrappy-1.0.2.tgz#b5243d8f3ec1aa35f1364605bc0d1036e30ab69f"
  integrity sha512-l4Sp/DRseor9wL6EvV2+TuQn63dMkPjZ/sp9XkghTEbV9KlPS1xUsZ3u7/IQO4wxtcFB4bgpQPRcR3QCvezPcQ==

y18n@^5.0.5:
  version "5.0.8"
  resolved "https://registry.yarnpkg.com/y18n/-/y18n-5.0.8.tgz#7f4934d0f7ca8c56f95314939ddcd2dd91ce1d55"
  integrity sha512-0pfFzegeDWJHJIAmTLRP2DwHjdF5s7jo9tuztdQxAhINCdvS+3nGINqPd00AphqJR/0LhANUS6/+7SCb98YOfA==

yaml@^2.4.2:
  version "2.7.0"
  resolved "https://registry.yarnpkg.com/yaml/-/yaml-2.7.0.tgz#aef9bb617a64c937a9a748803786ad8d3ffe1e98"
  integrity sha512-+hSoy/QHluxmC9kCIJyL/uyFmLmc+e5CFR5Wa+bpIhIj85LVb9ZH2nVnqrHoSvKogwODv0ClqZkmiSSaIH5LTA==

yargs-parser@^21.1.1:
  version "21.1.1"
  resolved "https://registry.yarnpkg.com/yargs-parser/-/yargs-parser-21.1.1.tgz#9096bceebf990d21bb31fa9516e0ede294a77d35"
  integrity sha512-tVpsJW7DdjecAiFpbIB1e3qxIQsE6NoPc5/eTdrbbIC4h0LVsWhnoa3g+m2HclBIujHzsxZ4VJVA+GUuc2/LBw==

yargs@^17.0.0:
  version "17.7.2"
  resolved "https://registry.yarnpkg.com/yargs/-/yargs-17.7.2.tgz#991df39aca675a192b816e1e0363f9d75d2aa269"
  integrity sha512-7dSzzRQ++CKnNI/krKnYRV7JKKPUXMEh61soaHKg9mrWEhzFWhFnxPxGl+69cD1Ou63C13NUPCnmIcrvqCuM6w==
  dependencies:
    cliui "^8.0.1"
    escalade "^3.1.1"
    get-caller-file "^2.0.5"
    require-directory "^2.1.1"
    string-width "^4.2.3"
    y18n "^5.0.5"
    yargs-parser "^21.1.1"
